// !$*UTF8*$!
{
	archiveVersion = 1;
	classes = {
	};
	objectVersion = 56;
	objects = {

/* Begin PBXBuildFile section */
		311E069E2AFB2AE000EB5FB9 /* Speed_up_walkingApp.swift in Sources */ = {isa = PBXBuildFile; fileRef = 311E069D2AFB2AE000EB5FB9 /* Speed_up_walkingApp.swift */; };
		311E06A02AFB2AE000EB5FB9 /* ContentView.swift in Sources */ = {isa = PBXBuildFile; fileRef = 311E069F2AFB2AE000EB5FB9 /* ContentView.swift */; };
		311E06A22AFB2AE200EB5FB9 /* Assets.xcassets in Resources */ = {isa = PBXBuildFile; fileRef = 311E06A12AFB2AE200EB5FB9 /* Assets.xcassets */; };
		311E06A52AFB2AE200EB5FB9 /* Preview Assets.xcassets in Resources */ = {isa = PBXBuildFile; fileRef = 311E06A42AFB2AE200EB5FB9 /* Preview Assets.xcassets */; };
		311E06AF2AFB2AE200EB5FB9 /* Speed_up_walkingTests.swift in Sources */ = {isa = PBXBuildFile; fileRef = 311E06AE2AFB2AE200EB5FB9 /* Speed_up_walkingTests.swift */; };
		311E06B92AFB2AE200EB5FB9 /* Speed_up_walkingUITests.swift in Sources */ = {isa = PBXBuildFile; fileRef = 311E06B82AFB2AE200EB5FB9 /* Speed_up_walkingUITests.swift */; };
		311E06BB2AFB2AE200EB5FB9 /* Speed_up_walkingUITestsLaunchTests.swift in Sources */ = {isa = PBXBuildFile; fileRef = 311E06BA2AFB2AE200EB5FB9 /* Speed_up_walkingUITestsLaunchTests.swift */; };
/* End PBXBuildFile section */

/* Begin PBXContainerItemProxy section */
		311E06AB2AFB2AE200EB5FB9 /* PBXContainerItemProxy */ = {
			isa = PBXContainerItemProxy;
			containerPortal = 311E06922AFB2AE000EB5FB9 /* Project object */;
			proxyType = 1;
			remoteGlobalIDString = 311E06992AFB2AE000EB5FB9;
			remoteInfo = "Speed up walking";
		};
		311E06B52AFB2AE200EB5FB9 /* PBXContainerItemProxy */ = {
			isa = PBXContainerItemProxy;
			containerPortal = 311E06922AFB2AE000EB5FB9 /* Project object */;
			proxyType = 1;
			remoteGlobalIDString = 311E06992AFB2AE000EB5FB9;
			remoteInfo = "Speed up walking";
		};
/* End PBXContainerItemProxy section */

/* Begin PBXFileReference section */
		311E069A2AFB2AE000EB5FB9 /* Speed up walking.app */ = {isa = PBXFileReference; explicitFileType = wrapper.application; includeInIndex = 0; path = "Speed up walking.app"; sourceTree = BUILT_PRODUCTS_DIR; };
		311E069D2AFB2AE000EB5FB9 /* Speed_up_walkingApp.swift */ = {isa = PBXFileReference; lastKnownFileType = sourcecode.swift; path = Speed_up_walkingApp.swift; sourceTree = "<group>"; };
		311E069F2AFB2AE000EB5FB9 /* ContentView.swift */ = {isa = PBXFileReference; lastKnownFileType = sourcecode.swift; path = ContentView.swift; sourceTree = "<group>"; };
		311E06A12AFB2AE200EB5FB9 /* Assets.xcassets */ = {isa = PBXFileReference; lastKnownFileType = folder.assetcatalog; path = Assets.xcassets; sourceTree = "<group>"; };
		311E06A42AFB2AE200EB5FB9 /* Preview Assets.xcassets */ = {isa = PBXFileReference; lastKnownFileType = folder.assetcatalog; path = "Preview Assets.xcassets"; sourceTree = "<group>"; };
		311E06AA2AFB2AE200EB5FB9 /* Speed up walkingTests.xctest */ = {isa = PBXFileReference; explicitFileType = wrapper.cfbundle; includeInIndex = 0; path = "Speed up walkingTests.xctest"; sourceTree = BUILT_PRODUCTS_DIR; };
		311E06AE2AFB2AE200EB5FB9 /* Speed_up_walkingTests.swift */ = {isa = PBXFileReference; lastKnownFileType = sourcecode.swift; path = Speed_up_walkingTests.swift; sourceTree = "<group>"; };
		311E06B42AFB2AE200EB5FB9 /* Speed up walkingUITests.xctest */ = {isa = PBXFileReference; explicitFileType = wrapper.cfbundle; includeInIndex = 0; path = "Speed up walkingUITests.xctest"; sourceTree = BUILT_PRODUCTS_DIR; };
		311E06B82AFB2AE200EB5FB9 /* Speed_up_walkingUITests.swift */ = {isa = PBXFileReference; lastKnownFileType = sourcecode.swift; path = Speed_up_walkingUITests.swift; sourceTree = "<group>"; };
		311E06BA2AFB2AE200EB5FB9 /* Speed_up_walkingUITestsLaunchTests.swift */ = {isa = PBXFileReference; lastKnownFileType = sourcecode.swift; path = Speed_up_walkingUITestsLaunchTests.swift; sourceTree = "<group>"; };
/* End PBXFileReference section */

/* Begin PBXFrameworksBuildPhase section */
		311E06972AFB2AE000EB5FB9 /* Frameworks */ = {
			isa = PBXFrameworksBuildPhase;
			buildActionMask = 2147483647;
			files = (
			);
			runOnlyForDeploymentPostprocessing = 0;
		};
		311E06A72AFB2AE200EB5FB9 /* Frameworks */ = {
			isa = PBXFrameworksBuildPhase;
			buildActionMask = 2147483647;
			files = (
			);
			runOnlyForDeploymentPostprocessing = 0;
		};
		311E06B12AFB2AE200EB5FB9 /* Frameworks */ = {
			isa = PBXFrameworksBuildPhase;
			buildActionMask = 2147483647;
			files = (
			);
			runOnlyForDeploymentPostprocessing = 0;
		};
/* End PBXFrameworksBuildPhase section */

/* Begin PBXGroup section */
		311E06912AFB2AE000EB5FB9 = {
			isa = PBXGroup;
			children = (
				311E069C2AFB2AE000EB5FB9 /* Speed up walking */,
				311E06AD2AFB2AE200EB5FB9 /* Speed up walkingTests */,
				311E06B72AFB2AE200EB5FB9 /* Speed up walkingUITests */,
				311E069B2AFB2AE000EB5FB9 /* Products */,
			);
			sourceTree = "<group>";
		};
		311E069B2AFB2AE000EB5FB9 /* Products */ = {
			isa = PBXGroup;
			children = (
				311E069A2AFB2AE000EB5FB9 /* Speed up walking.app */,
				311E06AA2AFB2AE200EB5FB9 /* Speed up walkingTests.xctest */,
				311E06B42AFB2AE200EB5FB9 /* Speed up walkingUITests.xctest */,
			);
			name = Products;
			sourceTree = "<group>";
		};
		311E069C2AFB2AE000EB5FB9 /* Speed up walking */ = {
			isa = PBXGroup;
			children = (
				311E069D2AFB2AE000EB5FB9 /* Speed_up_walkingApp.swift */,
				311E069F2AFB2AE000EB5FB9 /* ContentView.swift */,
				311E06A12AFB2AE200EB5FB9 /* Assets.xcassets */,
				311E06A32AFB2AE200EB5FB9 /* Preview Content */,
			);
			path = "Speed up walking";
			sourceTree = "<group>";
		};
		311E06A32AFB2AE200EB5FB9 /* Preview Content */ = {
			isa = PBXGroup;
			children = (
				311E06A42AFB2AE200EB5FB9 /* Preview Assets.xcassets */,
			);
			path = "Preview Content";
			sourceTree = "<group>";
		};
		311E06AD2AFB2AE200EB5FB9 /* Speed up walkingTests */ = {
			isa = PBXGroup;
			children = (
				311E06AE2AFB2AE200EB5FB9 /* Speed_up_walkingTests.swift */,
			);
			path = "Speed up walkingTests";
			sourceTree = "<group>";
		};
		311E06B72AFB2AE200EB5FB9 /* Speed up walkingUITests */ = {
			isa = PBXGroup;
			children = (
				311E06B82AFB2AE200EB5FB9 /* Speed_up_walkingUITests.swift */,
				311E06BA2AFB2AE200EB5FB9 /* Speed_up_walkingUITestsLaunchTests.swift */,
			);
			path = "Speed up walkingUITests";
			sourceTree = "<group>";
		};
/* End PBXGroup section */

/* Begin PBXNativeTarget section */
		311E06992AFB2AE000EB5FB9 /* Speed up walking */ = {
			isa = PBXNativeTarget;
			buildConfigurationList = 311E06BE2AFB2AE200EB5FB9 /* Build configuration list for PBXNativeTarget "Speed up walking" */;
			buildPhases = (
				311E06962AFB2AE000EB5FB9 /* Sources */,
				311E06972AFB2AE000EB5FB9 /* Frameworks */,
				311E06982AFB2AE000EB5FB9 /* Resources */,
			);
			buildRules = (
			);
			dependencies = (
			);
			name = "Speed up walking";
			productName = "Speed up walking";
			productReference = 311E069A2AFB2AE000EB5FB9 /* Speed up walking.app */;
			productType = "com.apple.product-type.application";
		};
		311E06A92AFB2AE200EB5FB9 /* Speed up walkingTests */ = {
			isa = PBXNativeTarget;
			buildConfigurationList = 311E06C12AFB2AE200EB5FB9 /* Build configuration list for PBXNativeTarget "Speed up walkingTests" */;
			buildPhases = (
				311E06A62AFB2AE200EB5FB9 /* Sources */,
				311E06A72AFB2AE200EB5FB9 /* Frameworks */,
				311E06A82AFB2AE200EB5FB9 /* Resources */,
			);
			buildRules = (
			);
			dependencies = (
				311E06AC2AFB2AE200EB5FB9 /* PBXTargetDependency */,
			);
			name = "Speed up walkingTests";
			productName = "Speed up walkingTests";
			productReference = 311E06AA2AFB2AE200EB5FB9 /* Speed up walkingTests.xctest */;
			productType = "com.apple.product-type.bundle.unit-test";
		};
		311E06B32AFB2AE200EB5FB9 /* Speed up walkingUITests */ = {
			isa = PBXNativeTarget;
			buildConfigurationList = 311E06C42AFB2AE200EB5FB9 /* Build configuration list for PBXNativeTarget "Speed up walkingUITests" */;
			buildPhases = (
				311E06B02AFB2AE200EB5FB9 /* Sources */,
				311E06B12AFB2AE200EB5FB9 /* Frameworks */,
				311E06B22AFB2AE200EB5FB9 /* Resources */,
			);
			buildRules = (
			);
			dependencies = (
				311E06B62AFB2AE200EB5FB9 /* PBXTargetDependency */,
			);
			name = "Speed up walkingUITests";
			productName = "Speed up walkingUITests";
			productReference = 311E06B42AFB2AE200EB5FB9 /* Speed up walkingUITests.xctest */;
			productType = "com.apple.product-type.bundle.ui-testing";
		};
/* End PBXNativeTarget section */

/* Begin PBXProject section */
		311E06922AFB2AE000EB5FB9 /* Project object */ = {
			isa = PBXProject;
			attributes = {
				BuildIndependentTargetsInParallel = 1;
				LastSwiftUpdateCheck = 1500;
				LastUpgradeCheck = 1500;
				TargetAttributes = {
					311E06992AFB2AE000EB5FB9 = {
						CreatedOnToolsVersion = 15.0.1;
					};
					311E06A92AFB2AE200EB5FB9 = {
						CreatedOnToolsVersion = 15.0.1;
						TestTargetID = 311E06992AFB2AE000EB5FB9;
					};
					311E06B32AFB2AE200EB5FB9 = {
						CreatedOnToolsVersion = 15.0.1;
						TestTargetID = 311E06992AFB2AE000EB5FB9;
					};
				};
			};
			buildConfigurationList = 311E06952AFB2AE000EB5FB9 /* Build configuration list for PBXProject "Speed up walking" */;
			compatibilityVersion = "Xcode 14.0";
			developmentRegion = en;
			hasScannedForEncodings = 0;
			knownRegions = (
				en,
				Base,
			);
			mainGroup = 311E06912AFB2AE000EB5FB9;
			productRefGroup = 311E069B2AFB2AE000EB5FB9 /* Products */;
			projectDirPath = "";
			projectRoot = "";
			targets = (
				311E06992AFB2AE000EB5FB9 /* Speed up walking */,
				311E06A92AFB2AE200EB5FB9 /* Speed up walkingTests */,
				311E06B32AFB2AE200EB5FB9 /* Speed up walkingUITests */,
			);
		};
/* End PBXProject section */

/* Begin PBXResourcesBuildPhase section */
		311E06982AFB2AE000EB5FB9 /* Resources */ = {
			isa = PBXResourcesBuildPhase;
			buildActionMask = 2147483647;
			files = (
				311E06A52AFB2AE200EB5FB9 /* Preview Assets.xcassets in Resources */,
				311E06A22AFB2AE200EB5FB9 /* Assets.xcassets in Resources */,
			);
			runOnlyForDeploymentPostprocessing = 0;
		};
		311E06A82AFB2AE200EB5FB9 /* Resources */ = {
			isa = PBXResourcesBuildPhase;
			buildActionMask = 2147483647;
			files = (
			);
			runOnlyForDeploymentPostprocessing = 0;
		};
		311E06B22AFB2AE200EB5FB9 /* Resources */ = {
			isa = PBXResourcesBuildPhase;
			buildActionMask = 2147483647;
			files = (
			);
			runOnlyForDeploymentPostprocessing = 0;
		};
/* End PBXResourcesBuildPhase section */

/* Begin PBXSourcesBuildPhase section */
		311E06962AFB2AE000EB5FB9 /* Sources */ = {
			isa = PBXSourcesBuildPhase;
			buildActionMask = 2147483647;
			files = (
				311E06A02AFB2AE000EB5FB9 /* ContentView.swift in Sources */,
				311E069E2AFB2AE000EB5FB9 /* Speed_up_walkingApp.swift in Sources */,
			);
			runOnlyForDeploymentPostprocessing = 0;
		};
		311E06A62AFB2AE200EB5FB9 /* Sources */ = {
			isa = PBXSourcesBuildPhase;
			buildActionMask = 2147483647;
			files = (
				311E06AF2AFB2AE200EB5FB9 /* Speed_up_walkingTests.swift in Sources */,
			);
			runOnlyForDeploymentPostprocessing = 0;
		};
		311E06B02AFB2AE200EB5FB9 /* Sources */ = {
			isa = PBXSourcesBuildPhase;
			buildActionMask = 2147483647;
			files = (
				311E06B92AFB2AE200EB5FB9 /* Speed_up_walkingUITests.swift in Sources */,
				311E06BB2AFB2AE200EB5FB9 /* Speed_up_walkingUITestsLaunchTests.swift in Sources */,
			);
			runOnlyForDeploymentPostprocessing = 0;
		};
/* End PBXSourcesBuildPhase section */

/* Begin PBXTargetDependency section */
		311E06AC2AFB2AE200EB5FB9 /* PBXTargetDependency */ = {
			isa = PBXTargetDependency;
			target = 311E06992AFB2AE000EB5FB9 /* Speed up walking */;
			targetProxy = 311E06AB2AFB2AE200EB5FB9 /* PBXContainerItemProxy */;
		};
		311E06B62AFB2AE200EB5FB9 /* PBXTargetDependency */ = {
			isa = PBXTargetDependency;
			target = 311E06992AFB2AE000EB5FB9 /* Speed up walking */;
			targetProxy = 311E06B52AFB2AE200EB5FB9 /* PBXContainerItemProxy */;
		};
/* End PBXTargetDependency section */

/* Begin XCBuildConfiguration section */
		311E06BC2AFB2AE200EB5FB9 /* Debug */ = {
			isa = XCBuildConfiguration;
			buildSettings = {
				ALWAYS_SEARCH_USER_PATHS = NO;
				ASSETCATALOG_COMPILER_GENERATE_SWIFT_ASSET_SYMBOL_EXTENSIONS = YES;
				CLANG_ANALYZER_NONNULL = YES;
				CLANG_ANALYZER_NUMBER_OBJECT_CONVERSION = YES_AGGRESSIVE;
				CLANG_CXX_LANGUAGE_STANDARD = "gnu++20";
				CLANG_ENABLE_MODULES = YES;
				CLANG_ENABLE_OBJC_ARC = YES;
				CLANG_ENABLE_OBJC_WEAK = YES;
				CLANG_WARN_BLOCK_CAPTURE_AUTORELEASING = YES;
				CLANG_WARN_BOOL_CONVERSION = YES;
				CLANG_WARN_COMMA = YES;
				CLANG_WARN_CONSTANT_CONVERSION = YES;
				CLANG_WARN_DEPRECATED_OBJC_IMPLEMENTATIONS = YES;
				CLANG_WARN_DIRECT_OBJC_ISA_USAGE = YES_ERROR;
				CLANG_WARN_DOCUMENTATION_COMMENTS = YES;
				CLANG_WARN_EMPTY_BODY = YES;
				CLANG_WARN_ENUM_CONVERSION = YES;
				CLANG_WARN_INFINITE_RECURSION = YES;
				CLANG_WARN_INT_CONVERSION = YES;
				CLANG_WARN_NON_LITERAL_NULL_CONVERSION = YES;
				CLANG_WARN_OBJC_IMPLICIT_RETAIN_SELF = YES;
				CLANG_WARN_OBJC_LITERAL_CONVERSION = YES;
				CLANG_WARN_OBJC_ROOT_CLASS = YES_ERROR;
				CLANG_WARN_QUOTED_INCLUDE_IN_FRAMEWORK_HEADER = YES;
				CLANG_WARN_RANGE_LOOP_ANALYSIS = YES;
				CLANG_WARN_STRICT_PROTOTYPES = YES;
				CLANG_WARN_SUSPICIOUS_MOVE = YES;
				CLANG_WARN_UNGUARDED_AVAILABILITY = YES_AGGRESSIVE;
				CLANG_WARN_UNREACHABLE_CODE = YES;
				CLANG_WARN__DUPLICATE_METHOD_MATCH = YES;
				COPY_PHASE_STRIP = NO;
				DEBUG_INFORMATION_FORMAT = dwarf;
				ENABLE_STRICT_OBJC_MSGSEND = YES;
				ENABLE_TESTABILITY = YES;
				ENABLE_USER_SCRIPT_SANDBOXING = YES;
				GCC_C_LANGUAGE_STANDARD = gnu17;
				GCC_DYNAMIC_NO_PIC = NO;
				GCC_NO_COMMON_BLOCKS = YES;
				GCC_OPTIMIZATION_LEVEL = 0;
				GCC_PREPROCESSOR_DEFINITIONS = (
					"DEBUG=1",
					"$(inherited)",
				);
				GCC_WARN_64_TO_32_BIT_CONVERSION = YES;
				GCC_WARN_ABOUT_RETURN_TYPE = YES_ERROR;
				GCC_WARN_UNDECLARED_SELECTOR = YES;
				GCC_WARN_UNINITIALIZED_AUTOS = YES_AGGRESSIVE;
				GCC_WARN_UNUSED_FUNCTION = YES;
				GCC_WARN_UNUSED_VARIABLE = YES;
				IPHONEOS_DEPLOYMENT_TARGET = 17.0;
				LOCALIZATION_PREFERS_STRING_CATALOGS = YES;
				MTL_ENABLE_DEBUG_INFO = INCLUDE_SOURCE;
				MTL_FAST_MATH = YES;
				ONLY_ACTIVE_ARCH = YES;
				SDKROOT = iphoneos;
				SWIFT_ACTIVE_COMPILATION_CONDITIONS = "DEBUG $(inherited)";
				SWIFT_OPTIMIZATION_LEVEL = "-Onone";
			};
			name = Debug;
		};
		311E06BD2AFB2AE200EB5FB9 /* Release */ = {
			isa = XCBuildConfiguration;
			buildSettings = {
				ALWAYS_SEARCH_USER_PATHS = NO;
				ASSETCATALOG_COMPILER_GENERATE_SWIFT_ASSET_SYMBOL_EXTENSIONS = YES;
				CLANG_ANALYZER_NONNULL = YES;
				CLANG_ANALYZER_NUMBER_OBJECT_CONVERSION = YES_AGGRESSIVE;
				CLANG_CXX_LANGUAGE_STANDARD = "gnu++20";
				CLANG_ENABLE_MODULES = YES;
				CLANG_ENABLE_OBJC_ARC = YES;
				CLANG_ENABLE_OBJC_WEAK = YES;
				CLANG_WARN_BLOCK_CAPTURE_AUTORELEASING = YES;
				CLANG_WARN_BOOL_CONVERSION = YES;
				CLANG_WARN_COMMA = YES;
				CLANG_WARN_CONSTANT_CONVERSION = YES;
				CLANG_WARN_DEPRECATED_OBJC_IMPLEMENTATIONS = YES;
				CLANG_WARN_DIRECT_OBJC_ISA_USAGE = YES_ERROR;
				CLANG_WARN_DOCUMENTATION_COMMENTS = YES;
				CLANG_WARN_EMPTY_BODY = YES;
				CLANG_WARN_ENUM_CONVERSION = YES;
				CLANG_WARN_INFINITE_RECURSION = YES;
				CLANG_WARN_INT_CONVERSION = YES;
				CLANG_WARN_NON_LITERAL_NULL_CONVERSION = YES;
				CLANG_WARN_OBJC_IMPLICIT_RETAIN_SELF = YES;
				CLANG_WARN_OBJC_LITERAL_CONVERSION = YES;
				CLANG_WARN_OBJC_ROOT_CLASS = YES_ERROR;
				CLANG_WARN_QUOTED_INCLUDE_IN_FRAMEWORK_HEADER = YES;
				CLANG_WARN_RANGE_LOOP_ANALYSIS = YES;
				CLANG_WARN_STRICT_PROTOTYPES = YES;
				CLANG_WARN_SUSPICIOUS_MOVE = YES;
				CLANG_WARN_UNGUARDED_AVAILABILITY = YES_AGGRESSIVE;
				CLANG_WARN_UNREACHABLE_CODE = YES;
				CLANG_WARN__DUPLICATE_METHOD_MATCH = YES;
				COPY_PHASE_STRIP = NO;
				DEBUG_INFORMATION_FORMAT = "dwarf-with-dsym";
				ENABLE_NS_ASSERTIONS = NO;
				ENABLE_STRICT_OBJC_MSGSEND = YES;
				ENABLE_USER_SCRIPT_SANDBOXING = YES;
				GCC_C_LANGUAGE_STANDARD = gnu17;
				GCC_NO_COMMON_BLOCKS = YES;
				GCC_WARN_64_TO_32_BIT_CONVERSION = YES;
				GCC_WARN_ABOUT_RETURN_TYPE = YES_ERROR;
				GCC_WARN_UNDECLARED_SELECTOR = YES;
				GCC_WARN_UNINITIALIZED_AUTOS = YES_AGGRESSIVE;
				GCC_WARN_UNUSED_FUNCTION = YES;
				GCC_WARN_UNUSED_VARIABLE = YES;
				IPHONEOS_DEPLOYMENT_TARGET = 17.0;
				LOCALIZATION_PREFERS_STRING_CATALOGS = YES;
				MTL_ENABLE_DEBUG_INFO = NO;
				MTL_FAST_MATH = YES;
				SDKROOT = iphoneos;
				SWIFT_COMPILATION_MODE = wholemodule;
				VALIDATE_PRODUCT = YES;
			};
			name = Release;
		};
		311E06BF2AFB2AE200EB5FB9 /* Debug */ = {
			isa = XCBuildConfiguration;
			buildSettings = {
				ASSETCATALOG_COMPILER_APPICON_NAME = AppIcon;
				ASSETCATALOG_COMPILER_GLOBAL_ACCENT_COLOR_NAME = AccentColor;
				CODE_SIGN_STYLE = Automatic;
				CURRENT_PROJECT_VERSION = 1;
				DEVELOPMENT_ASSET_PATHS = "\"Speed up walking/Preview Content\"";
				DEVELOPMENT_TEAM = XJH3A7SY36;
				ENABLE_PREVIEWS = YES;
				GENERATE_INFOPLIST_FILE = YES;
				INFOPLIST_KEY_UIApplicationSceneManifest_Generation = YES;
				INFOPLIST_KEY_UIApplicationSupportsIndirectInputEvents = YES;
				INFOPLIST_KEY_UILaunchScreen_Generation = YES;
				INFOPLIST_KEY_UISupportedInterfaceOrientations_iPad = "UIInterfaceOrientationPortrait UIInterfaceOrientationPortraitUpsideDown UIInterfaceOrientationLandscapeLeft UIInterfaceOrientationLandscapeRight";
				INFOPLIST_KEY_UISupportedInterfaceOrientations_iPhone = "UIInterfaceOrientationPortrait UIInterfaceOrientationLandscapeLeft UIInterfaceOrientationLandscapeRight";
				LD_RUNPATH_SEARCH_PATHS = (
					"$(inherited)",
					"@executable_path/Frameworks",
				);
				MARKETING_VERSION = 1.0;
				PRODUCT_BUNDLE_IDENTIFIER = "FIS.Speed-up-walking";
				PRODUCT_NAME = "$(TARGET_NAME)";
				SWIFT_EMIT_LOC_STRINGS = YES;
				SWIFT_VERSION = 5.0;
				TARGETED_DEVICE_FAMILY = "1,2";
			};
			name = Debug;
		};
		311E06C02AFB2AE200EB5FB9 /* Release */ = {
			isa = XCBuildConfiguration;
			buildSettings = {
				ASSETCATALOG_COMPILER_APPICON_NAME = AppIcon;
				ASSETCATALOG_COMPILER_GLOBAL_ACCENT_COLOR_NAME = AccentColor;
				CODE_SIGN_STYLE = Automatic;
				CURRENT_PROJECT_VERSION = 1;
				DEVELOPMENT_ASSET_PATHS = "\"Speed up walking/Preview Content\"";
				DEVELOPMENT_TEAM = XJH3A7SY36;
				ENABLE_PREVIEWS = YES;
				GENERATE_INFOPLIST_FILE = YES;
				INFOPLIST_KEY_UIApplicationSceneManifest_Generation = YES;
				INFOPLIST_KEY_UIApplicationSupportsIndirectInputEvents = YES;
				INFOPLIST_KEY_UILaunchScreen_Generation = YES;
				INFOPLIST_KEY_UISupportedInterfaceOrientations_iPad = "UIInterfaceOrientationPortrait UIInterfaceOrientationPortraitUpsideDown UIInterfaceOrientationLandscapeLeft UIInterfaceOrientationLandscapeRight";
				INFOPLIST_KEY_UISupportedInterfaceOrientations_iPhone = "UIInterfaceOrientationPortrait UIInterfaceOrientationLandscapeLeft UIInterfaceOrientationLandscapeRight";
				LD_RUNPATH_SEARCH_PATHS = (
					"$(inherited)",
					"@executable_path/Frameworks",
				);
				MARKETING_VERSION = 1.0;
				PRODUCT_BUNDLE_IDENTIFIER = "FIS.Speed-up-walking";
				PRODUCT_NAME = "$(TARGET_NAME)";
				SWIFT_EMIT_LOC_STRINGS = YES;
				SWIFT_VERSION = 5.0;
				TARGETED_DEVICE_FAMILY = "1,2";
			};
			name = Release;
		};
		311E06C22AFB2AE200EB5FB9 /* Debug */ = {
			isa = XCBuildConfiguration;
			buildSettings = {
				ALWAYS_EMBED_SWIFT_STANDARD_LIBRARIES = YES;
				BUNDLE_LOADER = "$(TEST_HOST)";
				CODE_SIGN_STYLE = Automatic;
				CURRENT_PROJECT_VERSION = 1;
				DEVELOPMENT_TEAM = XJH3A7SY36;
				GENERATE_INFOPLIST_FILE = YES;
				IPHONEOS_DEPLOYMENT_TARGET = 17.0;
				MARKETING_VERSION = 1.0;
				PRODUCT_BUNDLE_IDENTIFIER = "FIS.Speed-up-walkingTests";
				PRODUCT_NAME = "$(TARGET_NAME)";
				SWIFT_EMIT_LOC_STRINGS = NO;
				SWIFT_VERSION = 5.0;
				TARGETED_DEVICE_FAMILY = "1,2";
				TEST_HOST = "$(BUILT_PRODUCTS_DIR)/Speed up walking.app/$(BUNDLE_EXECUTABLE_FOLDER_PATH)/Speed up walking";
			};
			name = Debug;
		};
		311E06C32AFB2AE200EB5FB9 /* Release */ = {
			isa = XCBuildConfiguration;
			buildSettings = {
				ALWAYS_EMBED_SWIFT_STANDARD_LIBRARIES = YES;
				BUNDLE_LOADER = "$(TEST_HOST)";
				CODE_SIGN_STYLE = Automatic;
				CURRENT_PROJECT_VERSION = 1;
				DEVELOPMENT_TEAM = XJH3A7SY36;
				GENERATE_INFOPLIST_FILE = YES;
				IPHONEOS_DEPLOYMENT_TARGET = 17.0;
				MARKETING_VERSION = 1.0;
				PRODUCT_BUNDLE_IDENTIFIER = "FIS.Speed-up-walkingTests";
				PRODUCT_NAME = "$(TARGET_NAME)";
				SWIFT_EMIT_LOC_STRINGS = NO;
				SWIFT_VERSION = 5.0;
				TARGETED_DEVICE_FAMILY = "1,2";
				TEST_HOST = "$(BUILT_PRODUCTS_DIR)/Speed up walking.app/$(BUNDLE_EXECUTABLE_FOLDER_PATH)/Speed up walking";
			};
			name = Release;
		};
		311E06C52AFB2AE200EB5FB9 /* Debug */ = {
			isa = XCBuildConfiguration;
			buildSettings = {
				ALWAYS_EMBED_SWIFT_STANDARD_LIBRARIES = YES;
				CODE_SIGN_STYLE = Automatic;
				CURRENT_PROJECT_VERSION = 1;
				DEVELOPMENT_TEAM = XJH3A7SY36;
				GENERATE_INFOPLIST_FILE = YES;
				MARKETING_VERSION = 1.0;
				PRODUCT_BUNDLE_IDENTIFIER = "FIS.Speed-up-walkingUITests";
				PRODUCT_NAME = "$(TARGET_NAME)";
				SWIFT_EMIT_LOC_STRINGS = NO;
				SWIFT_VERSION = 5.0;
				TARGETED_DEVICE_FAMILY = "1,2";
				TEST_TARGET_NAME = "Speed up walking";
			};
			name = Debug;
		};
		311E06C62AFB2AE200EB5FB9 /* Release */ = {
			isa = XCBuildConfiguration;
			buildSettings = {
				ALWAYS_EMBED_SWIFT_STANDARD_LIBRARIES = YES;
				CODE_SIGN_STYLE = Automatic;
				CURRENT_PROJECT_VERSION = 1;
				DEVELOPMENT_TEAM = XJH3A7SY36;
				GENERATE_INFOPLIST_FILE = YES;
				MARKETING_VERSION = 1.0;
				PRODUCT_BUNDLE_IDENTIFIER = "FIS.Speed-up-walkingUITests";
				PRODUCT_NAME = "$(TARGET_NAME)";
				SWIFT_EMIT_LOC_STRINGS = NO;
				SWIFT_VERSION = 5.0;
				TARGETED_DEVICE_FAMILY = "1,2";
				TEST_TARGET_NAME = "Speed up walking";
			};
			name = Release;
		};
/* End XCBuildConfiguration section */

/* Begin XCConfigurationList section */
		311E06952AFB2AE000EB5FB9 /* Build configuration list for PBXProject "Speed up walking" */ = {
			isa = XCConfigurationList;
			buildConfigurations = (
				311E06BC2AFB2AE200EB5FB9 /* Debug */,
				311E06BD2AFB2AE200EB5FB9 /* Release */,
			);
			defaultConfigurationIsVisible = 0;
			defaultConfigurationName = Release;
		};
		311E06BE2AFB2AE200EB5FB9 /* Build configuration list for PBXNativeTarget "Speed up walking" */ = {
			isa = XCConfigurationList;
			buildConfigurations = (
				311E06BF2AFB2AE200EB5FB9 /* Debug */,
				311E06C02AFB2AE200EB5FB9 /* Release */,
			);
			defaultConfigurationIsVisible = 0;
			defaultConfigurationName = Release;
		};
		311E06C12AFB2AE200EB5FB9 /* Build configuration list for PBXNativeTarget "Speed up walkingTests" */ = {
			isa = XCConfigurationList;
			buildConfigurations = (
				311E06C22AFB2AE200EB5FB9 /* Debug */,
				311E06C32AFB2AE200EB5FB9 /* Release */,
			);
			defaultConfigurationIsVisible = 0;
			defaultConfigurationName = Release;
		};
		311E06C42AFB2AE200EB5FB9 /* Build configuration list for PBXNativeTarget "Speed up walkingUITests" */ = {
			isa = XCConfigurationList;
			buildConfigurations = (
				311E06C52AFB2AE200EB5FB9 /* Debug */,
				311E06C62AFB2AE200EB5FB9 /* Release */,
			);
			defaultConfigurationIsVisible = 0;
			defaultConfigurationName = Release;
		};
/* End XCConfigurationList section */
	};
	rootObject = 311E06922AFB2AE000EB5FB9 /* Project object */;
}
